
Microsoft Visual Studio Solution File, Format Version 12.00
# Visual Studio Version 16
VisualStudioVersion = 16.0.31702.278
MinimumVisualStudioVersion = 10.0.40219.1
Project("{FAE04EC0-301F-11D3-BF4B-00C04F79EFBC}") = "Cliente", "Cliente\Cliente.csproj", "{5F2AEF8F-73F2-4D31-908C-91F0634E330F}"
EndProject
Global
	GlobalSection(SolutionConfigurationPlatforms) = preSolution
		Debug|Any CPU = Debug|Any CPU
		Release|Any CPU = Release|Any CPU
	EndGlobalSection
	GlobalSection(ProjectConfigurationPlatforms) = postSolution
		{5F2AEF8F-73F2-4D31-908C-91F0634E330F}.Debug|Any CPU.ActiveCfg = Debug|Any CPU
		{5F2AEF8F-73F2-4D31-908C-91F0634E330F}.Debug|Any CPU.Build.0 = Debug|Any CPU
		{5F2AEF8F-73F2-4D31-908C-91F0634E330F}.Release|Any CPU.ActiveCfg = Release|Any CPU
		{5F2AEF8F-73F2-4D31-908C-91F0634E330F}.Release|Any CPU.Build.0 = Release|Any CPU
	EndGlobalSection
	GlobalSection(SolutionProperties) = preSolution
		HideSolutionNode = FALSE
	EndGlobalSection
	GlobalSection(ExtensibilityGlobals) = postSolution
		SolutionGuid = {22DB7204-91FA-4086-B893-AB9444548468}
	EndGlobalSection
EndGlobal
